
Microsoft Visual Studio Solution File, Format Version 12.00
# Visual Studio Version 17
VisualStudioVersion = 17.13.35507.96 d17.13
MinimumVisualStudioVersion = 10.0.40219.1
Project("{FAE04EC0-301F-11D3-BF4B-00C04F79EFBC}") = "Toci.Intotech.Xerion.Ui", "Toci.Intotech.Xerion.Ui.csproj", "{0BE22DB1-AA0B-4824-BA5E-2B7B6D1ED684}"
EndProject
Project("{FAE04EC0-301F-11D3-BF4B-00C04F79EFBC}") = "Toci.Intotech.Xerion.Ui.Wf", "..\Toci.Intotech.Xerion.Ui.Wf\Toci.Intotech.Xerion.Ui.Wf.csproj", "{7BF7F603-735F-43D3-B734-489C8AAD1D57}"
EndProject
Global
	GlobalSection(SolutionConfigurationPlatforms) = preSolution
		Debug|Any CPU = Debug|Any CPU
		Release|Any CPU = Release|Any CPU
	EndGlobalSection
	GlobalSection(ProjectConfigurationPlatforms) = postSolution
		{0BE22DB1-AA0B-4824-BA5E-2B7B6D1ED684}.Debug|Any CPU.ActiveCfg = Debug|Any CPU
		{0BE22DB1-AA0B-4824-BA5E-2B7B6D1ED684}.Debug|Any CPU.Build.0 = Debug|Any CPU
		{0BE22DB1-AA0B-4824-BA5E-2B7B6D1ED684}.Release|Any CPU.ActiveCfg = Release|Any CPU
		{0BE22DB1-AA0B-4824-BA5E-2B7B6D1ED684}.Release|Any CPU.Build.0 = Release|Any CPU
		{7BF7F603-735F-43D3-B734-489C8AAD1D57}.Debug|Any CPU.ActiveCfg = Debug|Any CPU
		{7BF7F603-735F-43D3-B734-489C8AAD1D57}.Debug|Any CPU.Build.0 = Debug|Any CPU
		{7BF7F603-735F-43D3-B734-489C8AAD1D57}.Release|Any CPU.ActiveCfg = Release|Any CPU
		{7BF7F603-735F-43D3-B734-489C8AAD1D57}.Release|Any CPU.Build.0 = Release|Any CPU
	EndGlobalSection
	GlobalSection(SolutionProperties) = preSolution
		HideSolutionNode = FALSE
	EndGlobalSection
	GlobalSection(ExtensibilityGlobals) = postSolution
		SolutionGuid = {30A9B49A-732D-47F9-A391-2865D934C5FF}
	EndGlobalSection
EndGlobal
