Microsoft Visual Studio Solution File, Format Version 12.00
# Visual Studio Version 17
VisualStudioVersion = 17.0.31903.59
MinimumVisualStudioVersion = 10.0.40219.1
Project("{FAE04EC0-301F-11D3-BF4B-00C04F79EFBC}") = "BizTalkIntegration", "BizTalk\BizTalkIntegration.csproj", "{C3BD7674-915E-4156-B620-E1272FDCEAA4}"
EndProject
Project("{FAE04EC0-301F-11D3-BF4B-00C04F79EFBC}") = "SitecoreIntegration", "Sitecore\SitecoreIntegration.csproj", "{87729AD8-791A-44E1-91A4-2DA20E16A5A7}"
EndProject
Project("{FAE04EC0-301F-11D3-BF4B-00C04F79EFBC}") = "DynamicsIntegration", "DynamicsCRM\DynamicsIntegration.csproj", "{68F394F3-9238-48F7-8B78-39ED63CBD871}"
EndProject
Project("{FAE04EC0-301F-11D3-BF4B-00C04F79EFBC}") = "SAPIntegration", "SAP\SAPIntegration.csproj", "{1542DF9D-8A1A-4AC7-95F7-B0251A387522}"
EndProject
Project("{FAE04EC0-301F-11D3-BF4B-00C04F79EFBC}") = "Toci.Intotech.Xerion.API", "Toci.Intotech.Xerion.API\Toci.Intotech.Xerion.API.csproj", "{1074334F-72B9-590E-B6C0-ABA476D6B679}"
EndProject
Project("{FAE04EC0-301F-11D3-BF4B-00C04F79EFBC}") = "Toci.Intotech.Xerion.Database.Persistence", "Toci.Intotech.Xerion.Database.Persistence\Toci.Intotech.Xerion.Database.Persistence.csproj", "{DEE40C34-9B1F-4FB5-ADDD-7C34BC5225F2}"
EndProject
Project("{2150E333-8FDC-42A3-9474-1A3956D46DE8}") = "Common", "Common", "{02EA681E-C7D8-13C7-8484-4AC65E1B71E8}"
EndProject
Project("{FAE04EC0-301F-11D3-BF4B-00C04F79EFBC}") = "Intotech.Common.Bll", "..\..\Intotech.Common\Intotech.Common.Bll\Intotech.Common.Bll.csproj", "{6B357630-0BC3-5968-2495-306C21173688}"
EndProject
Project("{FAE04EC0-301F-11D3-BF4B-00C04F79EFBC}") = "Intotech.Common.Bll.Interfaces", "..\..\Intotech.Common\Intotech.Common.Bll.Interfaces\Intotech.Common.Bll.Interfaces.csproj", "{9F3078AE-5DED-D41C-9FEB-FB39D5F815E6}"
EndProject
Project("{FAE04EC0-301F-11D3-BF4B-00C04F79EFBC}") = "Intotech.Common.Database.Interfaces", "..\..\Intotech.Common\Intotech.Common.Database.Interfaces\Intotech.Common.Database.Interfaces.csproj", "{F24FAE86-7F1E-A69F-5236-5CCB9C68C381}"
EndProject
Project("{FAE04EC0-301F-11D3-BF4B-00C04F79EFBC}") = "Intotech.Common.Database", "..\..\Intotech.Common\Intotech.Common.Database\Intotech.Common.Database.csproj", "{EBCC21D9-2DCE-2CC9-57B4-9161FBDD809D}"
EndProject
Project("{2150E333-8FDC-42A3-9474-1A3956D46DE8}") = "Xerion_1.0", "Xerion_1.0", "{02EA681E-C7D8-13C7-8484-4AC65E1B71E8}"
EndProject
Project("{FAE04EC0-301F-11D3-BF4B-00C04F79EFBC}") = "Intotech.Xerion.Bll.Models", "..\Backend\Intotech.Xerion.Bll.Models\Intotech.Xerion.Bll.Models.csproj", "{62A5ACC9-809F-4D08-1A0E-9F93A51DFF88}"
EndProject
Project("{FAE04EC0-301F-11D3-BF4B-00C04F79EFBC}") = "Intotech.Xerion.Dictionaries.Database.Persistence", "..\Backend\Intotech.Xerion.Dictionaries\Intotech.Xerion.Dictionaries.Database.Persistence\Intotech.Xerion.Dictionaries.Database.Persistence.csproj", "{33A9E1DA-F623-59CB-0739-EB39FFAB336B}"
EndProject
Global
	GlobalSection(SolutionConfigurationPlatforms) = preSolution
		Debug|Any CPU = Debug|Any CPU
		Release|Any CPU = Release|Any CPU
	EndGlobalSection
	GlobalSection(ProjectConfigurationPlatforms) = postSolution
		{C3BD7674-915E-4156-B620-E1272FDCEAA4}.Debug|Any CPU.ActiveCfg = Debug|Any CPU
		{C3BD7674-915E-4156-B620-E1272FDCEAA4}.Debug|Any CPU.Build.0 = Debug|Any CPU
		{C3BD7674-915E-4156-B620-E1272FDCEAA4}.Release|Any CPU.ActiveCfg = Release|Any CPU
		{C3BD7674-915E-4156-B620-E1272FDCEAA4}.Release|Any CPU.Build.0 = Release|Any CPU
		{87729AD8-791A-44E1-91A4-2DA20E16A5A7}.Debug|Any CPU.ActiveCfg = Debug|Any CPU
		{87729AD8-791A-44E1-91A4-2DA20E16A5A7}.Debug|Any CPU.Build.0 = Debug|Any CPU
		{87729AD8-791A-44E1-91A4-2DA20E16A5A7}.Release|Any CPU.ActiveCfg = Release|Any CPU
		{87729AD8-791A-44E1-91A4-2DA20E16A5A7}.Release|Any CPU.Build.0 = Release|Any CPU
		{68F394F3-9238-48F7-8B78-39ED63CBD871}.Debug|Any CPU.ActiveCfg = Debug|Any CPU
		{68F394F3-9238-48F7-8B78-39ED63CBD871}.Debug|Any CPU.Build.0 = Debug|Any CPU
		{68F394F3-9238-48F7-8B78-39ED63CBD871}.Release|Any CPU.ActiveCfg = Release|Any CPU
		{68F394F3-9238-48F7-8B78-39ED63CBD871}.Release|Any CPU.Build.0 = Release|Any CPU
		{1542DF9D-8A1A-4AC7-95F7-B0251A387522}.Debug|Any CPU.ActiveCfg = Debug|Any CPU
		{1542DF9D-8A1A-4AC7-95F7-B0251A387522}.Debug|Any CPU.Build.0 = Debug|Any CPU
		{1542DF9D-8A1A-4AC7-95F7-B0251A387522}.Release|Any CPU.ActiveCfg = Release|Any CPU
		{1542DF9D-8A1A-4AC7-95F7-B0251A387522}.Release|Any CPU.Build.0 = Release|Any CPU
		{1074334F-72B9-590E-B6C0-ABA476D6B679}.Debug|Any CPU.ActiveCfg = Debug|Any CPU
		{1074334F-72B9-590E-B6C0-ABA476D6B679}.Debug|Any CPU.Build.0 = Debug|Any CPU
		{1074334F-72B9-590E-B6C0-ABA476D6B679}.Release|Any CPU.ActiveCfg = Release|Any CPU
		{1074334F-72B9-590E-B6C0-ABA476D6B679}.Release|Any CPU.Build.0 = Release|Any CPU
		{DEE40C34-9B1F-4FB5-ADDD-7C34BC5225F2}.Debug|Any CPU.ActiveCfg = Debug|Any CPU
		{DEE40C34-9B1F-4FB5-ADDD-7C34BC5225F2}.Debug|Any CPU.Build.0 = Debug|Any CPU
		{DEE40C34-9B1F-4FB5-ADDD-7C34BC5225F2}.Release|Any CPU.ActiveCfg = Release|Any CPU
		{DEE40C34-9B1F-4FB5-ADDD-7C34BC5225F2}.Release|Any CPU.Build.0 = Release|Any CPU
		{6B357630-0BC3-5968-2495-306C21173688}.Debug|Any CPU.ActiveCfg = Debug|Any CPU
		{6B357630-0BC3-5968-2495-306C21173688}.Debug|Any CPU.Build.0 = Debug|Any CPU
		{6B357630-0BC3-5968-2495-306C21173688}.Release|Any CPU.ActiveCfg = Release|Any CPU
		{6B357630-0BC3-5968-2495-306C21173688}.Release|Any CPU.Build.0 = Release|Any CPU
		{9F3078AE-5DED-D41C-9FEB-FB39D5F815E6}.Debug|Any CPU.ActiveCfg = Debug|Any CPU
		{9F3078AE-5DED-D41C-9FEB-FB39D5F815E6}.Debug|Any CPU.Build.0 = Debug|Any CPU
		{9F3078AE-5DED-D41C-9FEB-FB39D5F815E6}.Release|Any CPU.ActiveCfg = Release|Any CPU
		{9F3078AE-5DED-D41C-9FEB-FB39D5F815E6}.Release|Any CPU.Build.0 = Release|Any CPU
		{F24FAE86-7F1E-A69F-5236-5CCB9C68C381}.Debug|Any CPU.ActiveCfg = Debug|Any CPU
		{F24FAE86-7F1E-A69F-5236-5CCB9C68C381}.Debug|Any CPU.Build.0 = Debug|Any CPU
		{F24FAE86-7F1E-A69F-5236-5CCB9C68C381}.Release|Any CPU.ActiveCfg = Release|Any CPU
		{F24FAE86-7F1E-A69F-5236-5CCB9C68C381}.Release|Any CPU.Build.0 = Release|Any CPU
		{EBCC21D9-2DCE-2CC9-57B4-9161FBDD809D}.Debug|Any CPU.ActiveCfg = Debug|Any CPU
		{EBCC21D9-2DCE-2CC9-57B4-9161FBDD809D}.Debug|Any CPU.Build.0 = Debug|Any CPU
		{EBCC21D9-2DCE-2CC9-57B4-9161FBDD809D}.Release|Any CPU.ActiveCfg = Release|Any CPU
		{EBCC21D9-2DCE-2CC9-57B4-9161FBDD809D}.Release|Any CPU.Build.0 = Release|Any CPU
		{62A5ACC9-809F-4D08-1A0E-9F93A51DFF88}.Debug|Any CPU.ActiveCfg = Debug|Any CPU
		{62A5ACC9-809F-4D08-1A0E-9F93A51DFF88}.Debug|Any CPU.Build.0 = Debug|Any CPU
		{62A5ACC9-809F-4D08-1A0E-9F93A51DFF88}.Release|Any CPU.ActiveCfg = Release|Any CPU
		{62A5ACC9-809F-4D08-1A0E-9F93A51DFF88}.Release|Any CPU.Build.0 = Release|Any CPU
		{33A9E1DA-F623-59CB-0739-EB39FFAB336B}.Debug|Any CPU.ActiveCfg = Debug|Any CPU
		{33A9E1DA-F623-59CB-0739-EB39FFAB336B}.Debug|Any CPU.Build.0 = Debug|Any CPU
		{33A9E1DA-F623-59CB-0739-EB39FFAB336B}.Release|Any CPU.ActiveCfg = Release|Any CPU
		{33A9E1DA-F623-59CB-0739-EB39FFAB336B}.Release|Any CPU.Build.0 = Release|Any CPU
	EndGlobalSection
	GlobalSection(SolutionProperties) = preSolution
		HideSolutionNode = FALSE
	EndGlobalSection
	GlobalSection(NestedProjects) = preSolution
		{6B357630-0BC3-5968-2495-306C21173688} = {02EA681E-C7D8-13C7-8484-4AC65E1B71E8}
		{9F3078AE-5DED-D41C-9FEB-FB39D5F815E6} = {02EA681E-C7D8-13C7-8484-4AC65E1B71E8}
		{F24FAE86-7F1E-A69F-5236-5CCB9C68C381} = {02EA681E-C7D8-13C7-8484-4AC65E1B71E8}
		{EBCC21D9-2DCE-2CC9-57B4-9161FBDD809D} = {02EA681E-C7D8-13C7-8484-4AC65E1B71E8}
		{62A5ACC9-809F-4D08-1A0E-9F93A51DFF88} = {02EA681E-C7D8-13C7-8484-4AC65E1B71E8}
		{33A9E1DA-F623-59CB-0739-EB39FFAB336B} = {02EA681E-C7D8-13C7-8484-4AC65E1B71E8}
	EndGlobalSection
	GlobalSection(ExtensibilityGlobals) = postSolution
		SolutionGuid = {D8BFCEF4-C8CB-4B38-9D70-4FF3EF44EC53}
	EndGlobalSection
EndGlobal
